// !$*UTF8*$!
{
	archiveVersion = 1;
	classes = {
	};
	objectVersion = 50;
	objects = {

/* Begin PBXBuildFile section */
		1871C85C2147C15A009BBDDD /* AppDelegate.swift in Sources */ = {isa = PBXBuildFile; fileRef = 1871C85B2147C15A009BBDDD /* AppDelegate.swift */; };
		1871C85E2147C15A009BBDDD /* ViewController.swift in Sources */ = {isa = PBXBuildFile; fileRef = 1871C85D2147C15A009BBDDD /* ViewController.swift */; };
		1871C8612147C15A009BBDDD /* Main.storyboard in Resources */ = {isa = PBXBuildFile; fileRef = 1871C85F2147C15A009BBDDD /* Main.storyboard */; };
		1871C8632147C15A009BBDDD /* Assets.xcassets in Resources */ = {isa = PBXBuildFile; fileRef = 1871C8622147C15A009BBDDD /* Assets.xcassets */; };
		1871C8662147C15A009BBDDD /* LaunchScreen.storyboard in Resources */ = {isa = PBXBuildFile; fileRef = 1871C8642147C15A009BBDDD /* LaunchScreen.storyboard */; };
		1871C8702147C822009BBDDD /* images.png in Resources */ = {isa = PBXBuildFile; fileRef = 1871C86F2147C822009BBDDD /* images.png */; };
		1871C8722147EAC1009BBDDD /* Oop.swift in Sources */ = {isa = PBXBuildFile; fileRef = 1871C8712147EAC1009BBDDD /* Oop.swift */; };
		1871C87521480E06009BBDDD /* images120120.png in Resources */ = {isa = PBXBuildFile; fileRef = 1871C87321480E06009BBDDD /* images120120.png */; };
		1871C87621480E06009BBDDD /* images180180.png in Resources */ = {isa = PBXBuildFile; fileRef = 1871C87421480E06009BBDDD /* images180180.png */; };
/* End PBXBuildFile section */

/* Begin PBXFileReference section */
		1871C8582147C15A009BBDDD /* com.daimler.poeple.app */ = {isa = PBXFileReference; explicitFileType = wrapper.application; includeInIndex = 0; path = com.daimler.poeple.app; sourceTree = BUILT_PRODUCTS_DIR; };
		1871C85B2147C15A009BBDDD /* AppDelegate.swift */ = {isa = PBXFileReference; lastKnownFileType = sourcecode.swift; path = AppDelegate.swift; sourceTree = "<group>"; };
		1871C85D2147C15A009BBDDD /* ViewController.swift */ = {isa = PBXFileReference; lastKnownFileType = sourcecode.swift; path = ViewController.swift; sourceTree = "<group>"; };
		1871C8602147C15A009BBDDD /* Base */ = {isa = PBXFileReference; lastKnownFileType = file.storyboard; name = Base; path = Base.lproj/Main.storyboard; sourceTree = "<group>"; };
		1871C8622147C15A009BBDDD /* Assets.xcassets */ = {isa = PBXFileReference; lastKnownFileType = folder.assetcatalog; path = Assets.xcassets; sourceTree = "<group>"; };
		1871C8652147C15A009BBDDD /* Base */ = {isa = PBXFileReference; lastKnownFileType = file.storyboard; name = Base; path = Base.lproj/LaunchScreen.storyboard; sourceTree = "<group>"; };
		1871C8672147C15A009BBDDD /* Info.plist */ = {isa = PBXFileReference; lastKnownFileType = text.plist.xml; path = Info.plist; sourceTree = "<group>"; };
		1871C86F2147C822009BBDDD /* images.png */ = {isa = PBXFileReference; lastKnownFileType = image.png; name = images.png; path = ../../../../Downloads/images.png; sourceTree = "<group>"; };
		1871C8712147EAC1009BBDDD /* Oop.swift */ = {isa = PBXFileReference; lastKnownFileType = sourcecode.swift; path = Oop.swift; sourceTree = "<group>"; };
		1871C87321480E06009BBDDD /* images120120.png */ = {isa = PBXFileReference; lastKnownFileType = image.png; name = images120120.png; path = ../../../../Downloads/images120120.png; sourceTree = "<group>"; };
		1871C87421480E06009BBDDD /* images180180.png */ = {isa = PBXFileReference; lastKnownFileType = image.png; name = images180180.png; path = ../../../../Downloads/images180180.png; sourceTree = "<group>"; };
/* End PBXFileReference section */

/* Begin PBXFrameworksBuildPhase section */
		1871C8552147C15A009BBDDD /* Frameworks */ = {
			isa = PBXFrameworksBuildPhase;
			buildActionMask = 2147483647;
			files = (
			);
			runOnlyForDeploymentPostprocessing = 0;
		};
/* End PBXFrameworksBuildPhase section */

/* Begin PBXGroup section */
		1871C84F2147C15A009BBDDD = {
			isa = PBXGroup;
			children = (
				1871C85A2147C15A009BBDDD /* com.daimler.poeple */,
				1871C8592147C15A009BBDDD /* Products */,
			);
			sourceTree = "<group>";
		};
		1871C8592147C15A009BBDDD /* Products */ = {
			isa = PBXGroup;
			children = (
				1871C8582147C15A009BBDDD /* com.daimler.poeple.app */,
			);
			name = Products;
			sourceTree = "<group>";
		};
		1871C85A2147C15A009BBDDD /* com.daimler.poeple */ = {
			isa = PBXGroup;
			children = (
				1871C8712147EAC1009BBDDD /* Oop.swift */,
				1871C85B2147C15A009BBDDD /* AppDelegate.swift */,
				1871C85D2147C15A009BBDDD /* ViewController.swift */,
				1871C85F2147C15A009BBDDD /* Main.storyboard */,
				1871C8622147C15A009BBDDD /* Assets.xcassets */,
				1871C86F2147C822009BBDDD /* images.png */,
				1871C87321480E06009BBDDD /* images120120.png */,
				1871C87421480E06009BBDDD /* images180180.png */,
				1871C8642147C15A009BBDDD /* LaunchScreen.storyboard */,
				1871C8672147C15A009BBDDD /* Info.plist */,
			);
			path = com.daimler.poeple;
			sourceTree = "<group>";
		};
/* End PBXGroup section */

/* Begin PBXNativeTarget section */
		1871C8572147C15A009BBDDD /* com.daimler.poeple */ = {
			isa = PBXNativeTarget;
			buildConfigurationList = 1871C86A2147C15A009BBDDD /* Build configuration list for PBXNativeTarget "com.daimler.poeple" */;
			buildPhases = (
				1871C8542147C15A009BBDDD /* Sources */,
				1871C8552147C15A009BBDDD /* Frameworks */,
				1871C8562147C15A009BBDDD /* Resources */,
			);
			buildRules = (
			);
			dependencies = (
			);
			name = com.daimler.poeple;
			productName = com.daimler.poeple;
			productReference = 1871C8582147C15A009BBDDD /* com.daimler.poeple.app */;
			productType = "com.apple.product-type.application";
		};
/* End PBXNativeTarget section */

/* Begin PBXProject section */
		1871C8502147C15A009BBDDD /* Project object */ = {
			isa = PBXProject;
			attributes = {
				LastSwiftUpdateCheck = 0940;
				LastUpgradeCheck = 0940;
				ORGANIZATIONNAME = daimler;
				TargetAttributes = {
					1871C8572147C15A009BBDDD = {
						CreatedOnToolsVersion = 9.4.1;
					};
				};
			};
			buildConfigurationList = 1871C8532147C15A009BBDDD /* Build configuration list for PBXProject "com.daimler.poeple" */;
			compatibilityVersion = "Xcode 9.3";
			developmentRegion = en;
			hasScannedForEncodings = 0;
			knownRegions = (
				en,
				Base,
			);
			mainGroup = 1871C84F2147C15A009BBDDD;
			productRefGroup = 1871C8592147C15A009BBDDD /* Products */;
			projectDirPath = "";
			projectRoot = "";
			targets = (
				1871C8572147C15A009BBDDD /* com.daimler.poeple */,
			);
		};
/* End PBXProject section */

/* Begin PBXResourcesBuildPhase section */
		1871C8562147C15A009BBDDD /* Resources */ = {
			isa = PBXResourcesBuildPhase;
			buildActionMask = 2147483647;
			files = (
				1871C87521480E06009BBDDD /* images120120.png in Resources */,
				1871C87621480E06009BBDDD /* images180180.png in Resources */,
				1871C8702147C822009BBDDD /* images.png in Resources */,
				1871C8662147C15A009BBDDD /* LaunchScreen.storyboard in Resources */,
				1871C8632147C15A009BBDDD /* Assets.xcassets in Resources */,
				1871C8612147C15A009BBDDD /* Main.storyboard in Resources */,
			);
			runOnlyForDeploymentPostprocessing = 0;
		};
/* End PBXResourcesBuildPhase section */

/* Begin PBXSourcesBuildPhase section */
		1871C8542147C15A009BBDDD /* Sources */ = {
			isa = PBXSourcesBuildPhase;
			buildActionMask = 2147483647;
			files = (
				1871C85E2147C15A009BBDDD /* ViewController.swift in Sources */,
				1871C85C2147C15A009BBDDD /* AppDelegate.swift in Sources */,
				1871C8722147EAC1009BBDDD /* Oop.swift in Sources */,
			);
			runOnlyForDeploymentPostprocessing = 0;
		};
/* End PBXSourcesBuildPhase section */

/* Begin PBXVariantGroup section */
		1871C85F2147C15A009BBDDD /* Main.storyboard */ = {
			isa = PBXVariantGroup;
			children = (
				1871C8602147C15A009BBDDD /* Base */,
			);
			name = Main.storyboard;
			sourceTree = "<group>";
		};
		1871C8642147C15A009BBDDD /* LaunchScreen.storyboard */ = {
			isa = PBXVariantGroup;
			children = (
				1871C8652147C15A009BBDDD /* Base */,
			);
			name = LaunchScreen.storyboard;
			sourceTree = "<group>";
		};
/* End PBXVariantGroup section */

/* Begin XCBuildConfiguration section */
		1871C8682147C15A009BBDDD /* Debug */ = {
			isa = XCBuildConfiguration;
			buildSettings = {
				ALWAYS_SEARCH_USER_PATHS = NO;
				CLANG_ANALYZER_NONNULL = YES;
				CLANG_ANALYZER_NUMBER_OBJECT_CONVERSION = YES_AGGRESSIVE;
				CLANG_CXX_LANGUAGE_STANDARD = "gnu++14";
				CLANG_CXX_LIBRARY = "libc++";
				CLANG_ENABLE_MODULES = YES;
				CLANG_ENABLE_OBJC_ARC = YES;
				CLANG_ENABLE_OBJC_WEAK = YES;
				CLANG_WARN_BLOCK_CAPTURE_AUTORELEASING = YES;
				CLANG_WARN_BOOL_CONVERSION = YES;
				CLANG_WARN_COMMA = YES;
				CLANG_WARN_CONSTANT_CONVERSION = YES;
				CLANG_WARN_DEPRECATED_OBJC_IMPLEMENTATIONS = YES;
				CLANG_WARN_DIRECT_OBJC_ISA_USAGE = YES_ERROR;
				CLANG_WARN_DOCUMENTATION_COMMENTS = YES;
				CLANG_WARN_EMPTY_BODY = YES;
				CLANG_WARN_ENUM_CONVERSION = YES;
				CLANG_WARN_INFINITE_RECURSION = YES;
				CLANG_WARN_INT_CONVERSION = YES;
				CLANG_WARN_NON_LITERAL_NULL_CONVERSION = YES;
				CLANG_WARN_OBJC_IMPLICIT_RETAIN_SELF = YES;
				CLANG_WARN_OBJC_LITERAL_CONVERSION = YES;
				CLANG_WARN_OBJC_ROOT_CLASS = YES_ERROR;
				CLANG_WARN_RANGE_LOOP_ANALYSIS = YES;
				CLANG_WARN_STRICT_PROTOTYPES = YES;
				CLANG_WARN_SUSPICIOUS_MOVE = YES;
				CLANG_WARN_UNGUARDED_AVAILABILITY = YES_AGGRESSIVE;
				CLANG_WARN_UNREACHABLE_CODE = YES;
				CLANG_WARN__DUPLICATE_METHOD_MATCH = YES;
				CODE_SIGN_IDENTITY = "iPhone Developer";
				COPY_PHASE_STRIP = NO;
				DEBUG_INFORMATION_FORMAT = dwarf;
				ENABLE_STRICT_OBJC_MSGSEND = YES;
				ENABLE_TESTABILITY = YES;
				GCC_C_LANGUAGE_STANDARD = gnu11;
				GCC_DYNAMIC_NO_PIC = NO;
				GCC_NO_COMMON_BLOCKS = YES;
				GCC_OPTIMIZATION_LEVEL = 0;
				GCC_PREPROCESSOR_DEFINITIONS = (
					"DEBUG=1",
					"$(inherited)",
				);
				GCC_WARN_64_TO_32_BIT_CONVERSION = YES;
				GCC_WARN_ABOUT_RETURN_TYPE = YES_ERROR;
				GCC_WARN_UNDECLARED_SELECTOR = YES;
				GCC_WARN_UNINITIALIZED_AUTOS = YES_AGGRESSIVE;
				GCC_WARN_UNUSED_FUNCTION = YES;
				GCC_WARN_UNUSED_VARIABLE = YES;
				IPHONEOS_DEPLOYMENT_TARGET = 11.4;
				MTL_ENABLE_DEBUG_INFO = YES;
				ONLY_ACTIVE_ARCH = YES;
				SDKROOT = iphoneos;
				SWIFT_ACTIVE_COMPILATION_CONDITIONS = DEBUG;
				SWIFT_OPTIMIZATION_LEVEL = "-Onone";
			};
			name = Debug;
		};
		1871C8692147C15A009BBDDD /* Release */ = {
			isa = XCBuildConfiguration;
			buildSettings = {
				ALWAYS_SEARCH_USER_PATHS = NO;
				CLANG_ANALYZER_NONNULL = YES;
				CLANG_ANALYZER_NUMBER_OBJECT_CONVERSION = YES_AGGRESSIVE;
				CLANG_CXX_LANGUAGE_STANDARD = "gnu++14";
				CLANG_CXX_LIBRARY = "libc++";
				CLANG_ENABLE_MODULES = YES;
				CLANG_ENABLE_OBJC_ARC = YES;
				CLANG_ENABLE_OBJC_WEAK = YES;
				CLANG_WARN_BLOCK_CAPTURE_AUTORELEASING = YES;
				CLANG_WARN_BOOL_CONVERSION = YES;
				CLANG_WARN_COMMA = YES;
				CLANG_WARN_CONSTANT_CONVERSION = YES;
				CLANG_WARN_DEPRECATED_OBJC_IMPLEMENTATIONS = YES;
				CLANG_WARN_DIRECT_OBJC_ISA_USAGE = YES_ERROR;
				CLANG_WARN_DOCUMENTATION_COMMENTS = YES;
				CLANG_WARN_EMPTY_BODY = YES;
				CLANG_WARN_ENUM_CONVERSION = YES;
				CLANG_WARN_INFINITE_RECURSION = YES;
				CLANG_WARN_INT_CONVERSION = YES;
				CLANG_WARN_NON_LITERAL_NULL_CONVERSION = YES;
				CLANG_WARN_OBJC_IMPLICIT_RETAIN_SELF = YES;
				CLANG_WARN_OBJC_LITERAL_CONVERSION = YES;
				CLANG_WARN_OBJC_ROOT_CLASS = YES_ERROR;
				CLANG_WARN_RANGE_LOOP_ANALYSIS = YES;
				CLANG_WARN_STRICT_PROTOTYPES = YES;
				CLANG_WARN_SUSPICIOUS_MOVE = YES;
				CLANG_WARN_UNGUARDED_AVAILABILITY = YES_AGGRESSIVE;
				CLANG_WARN_UNREACHABLE_CODE = YES;
				CLANG_WARN__DUPLICATE_METHOD_MATCH = YES;
				CODE_SIGN_IDENTITY = "iPhone Developer";
				COPY_PHASE_STRIP = NO;
				DEBUG_INFORMATION_FORMAT = "dwarf-with-dsym";
				ENABLE_NS_ASSERTIONS = NO;
				ENABLE_STRICT_OBJC_MSGSEND = YES;
				GCC_C_LANGUAGE_STANDARD = gnu11;
				GCC_NO_COMMON_BLOCKS = YES;
				GCC_WARN_64_TO_32_BIT_CONVERSION = YES;
				GCC_WARN_ABOUT_RETURN_TYPE = YES_ERROR;
				GCC_WARN_UNDECLARED_SELECTOR = YES;
				GCC_WARN_UNINITIALIZED_AUTOS = YES_AGGRESSIVE;
				GCC_WARN_UNUSED_FUNCTION = YES;
				GCC_WARN_UNUSED_VARIABLE = YES;
				IPHONEOS_DEPLOYMENT_TARGET = 11.4;
				MTL_ENABLE_DEBUG_INFO = NO;
				SDKROOT = iphoneos;
				SWIFT_COMPILATION_MODE = wholemodule;
				SWIFT_OPTIMIZATION_LEVEL = "-O";
				VALIDATE_PRODUCT = YES;
			};
			name = Release;
		};
		1871C86B2147C15A009BBDDD /* Debug */ = {
			isa = XCBuildConfiguration;
			buildSettings = {
				ASSETCATALOG_COMPILER_APPICON_NAME = AppIcon;
				CODE_SIGN_STYLE = Automatic;
				INFOPLIST_FILE = com.daimler.poeple/Info.plist;
				LD_RUNPATH_SEARCH_PATHS = (
					"$(inherited)",
					"@executable_path/Frameworks",
				);
				PRODUCT_BUNDLE_IDENTIFIER = "daimler.com-daimler-poeple";
				PRODUCT_NAME = "$(TARGET_NAME)";
				SWIFT_VERSION = 4.0;
				TARGETED_DEVICE_FAMILY = "1,2";
			};
			name = Debug;
		};
		1871C86C2147C15A009BBDDD /* Release */ = {
			isa = XCBuildConfiguration;
			buildSettings = {
				ASSETCATALOG_COMPILER_APPICON_NAME = AppIcon;
				CODE_SIGN_STYLE = Automatic;
				INFOPLIST_FILE = com.daimler.poeple/Info.plist;
				LD_RUNPATH_SEARCH_PATHS = (
					"$(inherited)",
					"@executable_path/Frameworks",
				);
				PRODUCT_BUNDLE_IDENTIFIER = "daimler.com-daimler-poeple";
				PRODUCT_NAME = "$(TARGET_NAME)";
				SWIFT_VERSION = 4.0;
				TARGETED_DEVICE_FAMILY = "1,2";
			};
			name = Release;
		};
/* End XCBuildConfiguration section */

/* Begin XCConfigurationList section */
		1871C8532147C15A009BBDDD /* Build configuration list for PBXProject "com.daimler.poeple" */ = {
			isa = XCConfigurationList;
			buildConfigurations = (
				1871C8682147C15A009BBDDD /* Debug */,
				1871C8692147C15A009BBDDD /* Release */,
			);
			defaultConfigurationIsVisible = 0;
			defaultConfigurationName = Release;
		};
		1871C86A2147C15A009BBDDD /* Build configuration list for PBXNativeTarget "com.daimler.poeple" */ = {
			isa = XCConfigurationList;
			buildConfigurations = (
				1871C86B2147C15A009BBDDD /* Debug */,
				1871C86C2147C15A009BBDDD /* Release */,
			);
			defaultConfigurationIsVisible = 0;
			defaultConfigurationName = Release;
		};
/* End XCConfigurationList section */
	};
	rootObject = 1871C8502147C15A009BBDDD /* Project object */;
}
